
Microsoft Visual Studio Solution File, Format Version 12.00
# Visual Studio 15
VisualStudioVersion = 15.0.27428.2037
MinimumVisualStudioVersion = 10.0.40219.1
Project("{FAE04EC0-301F-11D3-BF4B-00C04F79EFBC}") = "Quanlyphuongtien.Android", "Quanlyphuongtien\Quanlyphuongtien.Android\Quanlyphuongtien.Android.csproj", "{9485D991-DD2A-4E5E-8488-6410AA82800A}"
EndProject
Project("{FAE04EC0-301F-11D3-BF4B-00C04F79EFBC}") = "Quanlyphuongtien.iOS", "Quanlyphuongtien\Quanlyphuongtien.iOS\Quanlyphuongtien.iOS.csproj", "{FA504E89-AC7A-4ADD-A932-50325729C654}"
EndProject
Project("{FAE04EC0-301F-11D3-BF4B-00C04F79EFBC}") = "Quanlyphuongtien", "Quanlyphuongtien\Quanlyphuongtien\Quanlyphuongtien.csproj", "{A842B835-7642-41DF-9400-F6C25099B779}"
EndProject
Global
	GlobalSection(SolutionConfigurationPlatforms) = preSolution
		Ad-Hoc|Any CPU = Ad-Hoc|Any CPU
		Ad-Hoc|iPhone = Ad-Hoc|iPhone
		Ad-Hoc|iPhoneSimulator = Ad-Hoc|iPhoneSimulator
		AppStore|Any CPU = AppStore|Any CPU
		AppStore|iPhone = AppStore|iPhone
		AppStore|iPhoneSimulator = AppStore|iPhoneSimulator
		Debug|Any CPU = Debug|Any CPU
		Debug|iPhone = Debug|iPhone
		Debug|iPhoneSimulator = Debug|iPhoneSimulator
		Release|Any CPU = Release|Any CPU
		Release|iPhone = Release|iPhone
		Release|iPhoneSimulator = Release|iPhoneSimulator
	EndGlobalSection
	GlobalSection(ProjectConfigurationPlatforms) = postSolution
		{9485D991-DD2A-4E5E-8488-6410AA82800A}.Ad-Hoc|Any CPU.ActiveCfg = Release|Any CPU
		{9485D991-DD2A-4E5E-8488-6410AA82800A}.Ad-Hoc|Any CPU.Build.0 = Release|Any CPU
		{9485D991-DD2A-4E5E-8488-6410AA82800A}.Ad-Hoc|Any CPU.Deploy.0 = Release|Any CPU
		{9485D991-DD2A-4E5E-8488-6410AA82800A}.Ad-Hoc|iPhone.ActiveCfg = Release|Any CPU
		{9485D991-DD2A-4E5E-8488-6410AA82800A}.Ad-Hoc|iPhone.Build.0 = Release|Any CPU
		{9485D991-DD2A-4E5E-8488-6410AA82800A}.Ad-Hoc|iPhone.Deploy.0 = Release|Any CPU
		{9485D991-DD2A-4E5E-8488-6410AA82800A}.Ad-Hoc|iPhoneSimulator.ActiveCfg = Release|Any CPU
		{9485D991-DD2A-4E5E-8488-6410AA82800A}.Ad-Hoc|iPhoneSimulator.Build.0 = Release|Any CPU
		{9485D991-DD2A-4E5E-8488-6410AA82800A}.Ad-Hoc|iPhoneSimulator.Deploy.0 = Release|Any CPU
		{9485D991-DD2A-4E5E-8488-6410AA82800A}.AppStore|Any CPU.ActiveCfg = Release|Any CPU
		{9485D991-DD2A-4E5E-8488-6410AA82800A}.AppStore|Any CPU.Build.0 = Release|Any CPU
		{9485D991-DD2A-4E5E-8488-6410AA82800A}.AppStore|Any CPU.Deploy.0 = Release|Any CPU
		{9485D991-DD2A-4E5E-8488-6410AA82800A}.AppStore|iPhone.ActiveCfg = Release|Any CPU
		{9485D991-DD2A-4E5E-8488-6410AA82800A}.AppStore|iPhone.Build.0 = Release|Any CPU
		{9485D991-DD2A-4E5E-8488-6410AA82800A}.AppStore|iPhone.Deploy.0 = Release|Any CPU
		{9485D991-DD2A-4E5E-8488-6410AA82800A}.AppStore|iPhoneSimulator.ActiveCfg = Release|Any CPU
		{9485D991-DD2A-4E5E-8488-6410AA82800A}.AppStore|iPhoneSimulator.Build.0 = Release|Any CPU
		{9485D991-DD2A-4E5E-8488-6410AA82800A}.AppStore|iPhoneSimulator.Deploy.0 = Release|Any CPU
		{9485D991-DD2A-4E5E-8488-6410AA82800A}.Debug|Any CPU.ActiveCfg = Debug|Any CPU
		{9485D991-DD2A-4E5E-8488-6410AA82800A}.Debug|Any CPU.Build.0 = Debug|Any CPU
		{9485D991-DD2A-4E5E-8488-6410AA82800A}.Debug|Any CPU.Deploy.0 = Debug|Any CPU
		{9485D991-DD2A-4E5E-8488-6410AA82800A}.Debug|iPhone.ActiveCfg = Debug|Any CPU
		{9485D991-DD2A-4E5E-8488-6410AA82800A}.Debug|iPhone.Build.0 = Debug|Any CPU
		{9485D991-DD2A-4E5E-8488-6410AA82800A}.Debug|iPhone.Deploy.0 = Debug|Any CPU
		{9485D991-DD2A-4E5E-8488-6410AA82800A}.Debug|iPhoneSimulator.ActiveCfg = Debug|Any CPU
		{9485D991-DD2A-4E5E-8488-6410AA82800A}.Debug|iPhoneSimulator.Build.0 = Debug|Any CPU
		{9485D991-DD2A-4E5E-8488-6410AA82800A}.Debug|iPhoneSimulator.Deploy.0 = Debug|Any CPU
		{9485D991-DD2A-4E5E-8488-6410AA82800A}.Release|Any CPU.ActiveCfg = Release|Any CPU
		{9485D991-DD2A-4E5E-8488-6410AA82800A}.Release|Any CPU.Build.0 = Release|Any CPU
		{9485D991-DD2A-4E5E-8488-6410AA82800A}.Release|Any CPU.Deploy.0 = Release|Any CPU
		{9485D991-DD2A-4E5E-8488-6410AA82800A}.Release|iPhone.ActiveCfg = Release|Any CPU
		{9485D991-DD2A-4E5E-8488-6410AA82800A}.Release|iPhone.Build.0 = Release|Any CPU
		{9485D991-DD2A-4E5E-8488-6410AA82800A}.Release|iPhone.Deploy.0 = Release|Any CPU
		{9485D991-DD2A-4E5E-8488-6410AA82800A}.Release|iPhoneSimulator.ActiveCfg = Release|Any CPU
		{9485D991-DD2A-4E5E-8488-6410AA82800A}.Release|iPhoneSimulator.Build.0 = Release|Any CPU
		{9485D991-DD2A-4E5E-8488-6410AA82800A}.Release|iPhoneSimulator.Deploy.0 = Release|Any CPU
		{FA504E89-AC7A-4ADD-A932-50325729C654}.Ad-Hoc|Any CPU.ActiveCfg = Ad-Hoc|iPhone
		{FA504E89-AC7A-4ADD-A932-50325729C654}.Ad-Hoc|iPhone.ActiveCfg = Ad-Hoc|iPhone
		{FA504E89-AC7A-4ADD-A932-50325729C654}.Ad-Hoc|iPhone.Build.0 = Ad-Hoc|iPhone
		{FA504E89-AC7A-4ADD-A932-50325729C654}.Ad-Hoc|iPhoneSimulator.ActiveCfg = Ad-Hoc|iPhoneSimulator
		{FA504E89-AC7A-4ADD-A932-50325729C654}.Ad-Hoc|iPhoneSimulator.Build.0 = Ad-Hoc|iPhoneSimulator
		{FA504E89-AC7A-4ADD-A932-50325729C654}.AppStore|Any CPU.ActiveCfg = AppStore|iPhone
		{FA504E89-AC7A-4ADD-A932-50325729C654}.AppStore|iPhone.ActiveCfg = AppStore|iPhone
		{FA504E89-AC7A-4ADD-A932-50325729C654}.AppStore|iPhone.Build.0 = AppStore|iPhone
		{FA504E89-AC7A-4ADD-A932-50325729C654}.AppStore|iPhoneSimulator.ActiveCfg = AppStore|iPhoneSimulator
		{FA504E89-AC7A-4ADD-A932-50325729C654}.AppStore|iPhoneSimulator.Build.0 = AppStore|iPhoneSimulator
		{FA504E89-AC7A-4ADD-A932-50325729C654}.Debug|Any CPU.ActiveCfg = Debug|iPhone
		{FA504E89-AC7A-4ADD-A932-50325729C654}.Debug|iPhone.ActiveCfg = Debug|iPhone
		{FA504E89-AC7A-4ADD-A932-50325729C654}.Debug|iPhone.Build.0 = Debug|iPhone
		{FA504E89-AC7A-4ADD-A932-50325729C654}.Debug|iPhoneSimulator.ActiveCfg = Debug|iPhoneSimulator
		{FA504E89-AC7A-4ADD-A932-50325729C654}.Debug|iPhoneSimulator.Build.0 = Debug|iPhoneSimulator
		{FA504E89-AC7A-4ADD-A932-50325729C654}.Release|Any CPU.ActiveCfg = Release|iPhone
		{FA504E89-AC7A-4ADD-A932-50325729C654}.Release|iPhone.ActiveCfg = Release|iPhone
		{FA504E89-AC7A-4ADD-A932-50325729C654}.Release|iPhone.Build.0 = Release|iPhone
		{FA504E89-AC7A-4ADD-A932-50325729C654}.Release|iPhoneSimulator.ActiveCfg = Release|iPhoneSimulator
		{FA504E89-AC7A-4ADD-A932-50325729C654}.Release|iPhoneSimulator.Build.0 = Release|iPhoneSimulator
		{A842B835-7642-41DF-9400-F6C25099B779}.Ad-Hoc|Any CPU.ActiveCfg = Debug|Any CPU
		{A842B835-7642-41DF-9400-F6C25099B779}.Ad-Hoc|Any CPU.Build.0 = Debug|Any CPU
		{A842B835-7642-41DF-9400-F6C25099B779}.Ad-Hoc|iPhone.ActiveCfg = Debug|Any CPU
		{A842B835-7642-41DF-9400-F6C25099B779}.Ad-Hoc|iPhone.Build.0 = Debug|Any CPU
		{A842B835-7642-41DF-9400-F6C25099B779}.Ad-Hoc|iPhoneSimulator.ActiveCfg = Debug|Any CPU
		{A842B835-7642-41DF-9400-F6C25099B779}.Ad-Hoc|iPhoneSimulator.Build.0 = Debug|Any CPU
		{A842B835-7642-41DF-9400-F6C25099B779}.AppStore|Any CPU.ActiveCfg = Debug|Any CPU
		{A842B835-7642-41DF-9400-F6C25099B779}.AppStore|Any CPU.Build.0 = Debug|Any CPU
		{A842B835-7642-41DF-9400-F6C25099B779}.AppStore|iPhone.ActiveCfg = Debug|Any CPU
		{A842B835-7642-41DF-9400-F6C25099B779}.AppStore|iPhone.Build.0 = Debug|Any CPU
		{A842B835-7642-41DF-9400-F6C25099B779}.AppStore|iPhoneSimulator.ActiveCfg = Debug|Any CPU
		{A842B835-7642-41DF-9400-F6C25099B779}.AppStore|iPhoneSimulator.Build.0 = Debug|Any CPU
		{A842B835-7642-41DF-9400-F6C25099B779}.Debug|Any CPU.ActiveCfg = Debug|Any CPU
		{A842B835-7642-41DF-9400-F6C25099B779}.Debug|Any CPU.Build.0 = Debug|Any CPU
		{A842B835-7642-41DF-9400-F6C25099B779}.Debug|iPhone.ActiveCfg = Debug|Any CPU
		{A842B835-7642-41DF-9400-F6C25099B779}.Debug|iPhone.Build.0 = Debug|Any CPU
		{A842B835-7642-41DF-9400-F6C25099B779}.Debug|iPhoneSimulator.ActiveCfg = Debug|Any CPU
		{A842B835-7642-41DF-9400-F6C25099B779}.Debug|iPhoneSimulator.Build.0 = Debug|Any CPU
		{A842B835-7642-41DF-9400-F6C25099B779}.Release|Any CPU.ActiveCfg = Release|Any CPU
		{A842B835-7642-41DF-9400-F6C25099B779}.Release|Any CPU.Build.0 = Release|Any CPU
		{A842B835-7642-41DF-9400-F6C25099B779}.Release|iPhone.ActiveCfg = Release|Any CPU
		{A842B835-7642-41DF-9400-F6C25099B779}.Release|iPhone.Build.0 = Release|Any CPU
		{A842B835-7642-41DF-9400-F6C25099B779}.Release|iPhoneSimulator.ActiveCfg = Release|Any CPU
		{A842B835-7642-41DF-9400-F6C25099B779}.Release|iPhoneSimulator.Build.0 = Release|Any CPU
	EndGlobalSection
	GlobalSection(SolutionProperties) = preSolution
		HideSolutionNode = FALSE
	EndGlobalSection
	GlobalSection(ExtensibilityGlobals) = postSolution
		SolutionGuid = {9E0E27C7-44AD-42AB-A081-38EDCA11F034}
	EndGlobalSection
EndGlobal
